
Microsoft Visual Studio Solution File, Format Version 12.00
# Visual Studio Version 17
VisualStudioVersion = 17.3.32922.545
MinimumVisualStudioVersion = 10.0.40219.1
Project("{FAE04EC0-301F-11D3-BF4B-00C04F79EFBC}") = "ZadachaStecki", "ZadachaStecki.csproj", "{4E48FC5D-BE26-442C-A71E-FC68E9DCDD4F}"
EndProject
Project("{FAE04EC0-301F-11D3-BF4B-00C04F79EFBC}") = "ConsoleTest", "..\ConsoleTest\ConsoleTest.csproj", "{609C0F5D-7EAF-492D-88B2-68F716887335}"
EndProject
Global
	GlobalSection(SolutionConfigurationPlatforms) = preSolution
		Debug|Any CPU = Debug|Any CPU
		Release|Any CPU = Release|Any CPU
	EndGlobalSection
	GlobalSection(ProjectConfigurationPlatforms) = postSolution
		{4E48FC5D-BE26-442C-A71E-FC68E9DCDD4F}.Debug|Any CPU.ActiveCfg = Debug|Any CPU
		{4E48FC5D-BE26-442C-A71E-FC68E9DCDD4F}.Debug|Any CPU.Build.0 = Debug|Any CPU
		{4E48FC5D-BE26-442C-A71E-FC68E9DCDD4F}.Release|Any CPU.ActiveCfg = Release|Any CPU
		{4E48FC5D-BE26-442C-A71E-FC68E9DCDD4F}.Release|Any CPU.Build.0 = Release|Any CPU
		{609C0F5D-7EAF-492D-88B2-68F716887335}.Debug|Any CPU.ActiveCfg = Debug|Any CPU
		{609C0F5D-7EAF-492D-88B2-68F716887335}.Debug|Any CPU.Build.0 = Debug|Any CPU
		{609C0F5D-7EAF-492D-88B2-68F716887335}.Release|Any CPU.ActiveCfg = Release|Any CPU
		{609C0F5D-7EAF-492D-88B2-68F716887335}.Release|Any CPU.Build.0 = Release|Any CPU
	EndGlobalSection
	GlobalSection(SolutionProperties) = preSolution
		HideSolutionNode = FALSE
	EndGlobalSection
	GlobalSection(ExtensibilityGlobals) = postSolution
		SolutionGuid = {D792E0CB-B2AF-42BB-AA37-25141C330DDF}
	EndGlobalSection
EndGlobal
