
Microsoft Visual Studio Solution File, Format Version 12.00
# Visual Studio Version 17
VisualStudioVersion = 17.3.32922.545
MinimumVisualStudioVersion = 10.0.40219.1
Project("{FAE04EC0-301F-11D3-BF4B-00C04F79EFBC}") = "ZachetString", "ZachetString.csproj", "{90D6DD9A-CE86-4DF9-AEEC-EA52488C1DB8}"
EndProject
Project("{FAE04EC0-301F-11D3-BF4B-00C04F79EFBC}") = "TestCons", "..\TestCons\TestCons.csproj", "{5F7D6769-2AD9-4C69-9C6B-03EE3D744CC9}"
EndProject
Global
	GlobalSection(SolutionConfigurationPlatforms) = preSolution
		Debug|Any CPU = Debug|Any CPU
		Release|Any CPU = Release|Any CPU
	EndGlobalSection
	GlobalSection(ProjectConfigurationPlatforms) = postSolution
		{90D6DD9A-CE86-4DF9-AEEC-EA52488C1DB8}.Debug|Any CPU.ActiveCfg = Debug|Any CPU
		{90D6DD9A-CE86-4DF9-AEEC-EA52488C1DB8}.Debug|Any CPU.Build.0 = Debug|Any CPU
		{90D6DD9A-CE86-4DF9-AEEC-EA52488C1DB8}.Release|Any CPU.ActiveCfg = Release|Any CPU
		{90D6DD9A-CE86-4DF9-AEEC-EA52488C1DB8}.Release|Any CPU.Build.0 = Release|Any CPU
		{5F7D6769-2AD9-4C69-9C6B-03EE3D744CC9}.Debug|Any CPU.ActiveCfg = Debug|Any CPU
		{5F7D6769-2AD9-4C69-9C6B-03EE3D744CC9}.Debug|Any CPU.Build.0 = Debug|Any CPU
		{5F7D6769-2AD9-4C69-9C6B-03EE3D744CC9}.Release|Any CPU.ActiveCfg = Release|Any CPU
		{5F7D6769-2AD9-4C69-9C6B-03EE3D744CC9}.Release|Any CPU.Build.0 = Release|Any CPU
	EndGlobalSection
	GlobalSection(SolutionProperties) = preSolution
		HideSolutionNode = FALSE
	EndGlobalSection
	GlobalSection(ExtensibilityGlobals) = postSolution
		SolutionGuid = {B6884485-E811-4BFC-90B3-97FF3A2F675E}
	EndGlobalSection
EndGlobal
