
Microsoft Visual Studio Solution File, Format Version 12.00
# Visual Studio Version 17
VisualStudioVersion = 17.3.32922.545
MinimumVisualStudioVersion = 10.0.40219.1
Project("{9A19103F-16F7-4668-BE54-9A1E7A4F7556}") = "ZachetMassivi", "ZachetMassivi\ZachetMassivi.csproj", "{977A68D2-EDD3-4897-B9FE-C4BDC6263989}"
EndProject
Project("{9A19103F-16F7-4668-BE54-9A1E7A4F7556}") = "TestMas", "TestMas\TestMas.csproj", "{6ADEFCAE-AB6B-41D9-ADF4-C34C6083A19A}"
EndProject
Project("{FAE04EC0-301F-11D3-BF4B-00C04F79EFBC}") = "Winform", "Winform\Winform.csproj", "{5860D1CC-202B-4D2E-9A83-C0560A8D29D1}"
EndProject
Global
	GlobalSection(SolutionConfigurationPlatforms) = preSolution
		Debug|Any CPU = Debug|Any CPU
		Release|Any CPU = Release|Any CPU
	EndGlobalSection
	GlobalSection(ProjectConfigurationPlatforms) = postSolution
		{977A68D2-EDD3-4897-B9FE-C4BDC6263989}.Debug|Any CPU.ActiveCfg = Debug|Any CPU
		{977A68D2-EDD3-4897-B9FE-C4BDC6263989}.Debug|Any CPU.Build.0 = Debug|Any CPU
		{977A68D2-EDD3-4897-B9FE-C4BDC6263989}.Release|Any CPU.ActiveCfg = Release|Any CPU
		{977A68D2-EDD3-4897-B9FE-C4BDC6263989}.Release|Any CPU.Build.0 = Release|Any CPU
		{6ADEFCAE-AB6B-41D9-ADF4-C34C6083A19A}.Debug|Any CPU.ActiveCfg = Debug|Any CPU
		{6ADEFCAE-AB6B-41D9-ADF4-C34C6083A19A}.Debug|Any CPU.Build.0 = Debug|Any CPU
		{6ADEFCAE-AB6B-41D9-ADF4-C34C6083A19A}.Release|Any CPU.ActiveCfg = Release|Any CPU
		{6ADEFCAE-AB6B-41D9-ADF4-C34C6083A19A}.Release|Any CPU.Build.0 = Release|Any CPU
		{5860D1CC-202B-4D2E-9A83-C0560A8D29D1}.Debug|Any CPU.ActiveCfg = Debug|Any CPU
		{5860D1CC-202B-4D2E-9A83-C0560A8D29D1}.Debug|Any CPU.Build.0 = Debug|Any CPU
		{5860D1CC-202B-4D2E-9A83-C0560A8D29D1}.Release|Any CPU.ActiveCfg = Release|Any CPU
		{5860D1CC-202B-4D2E-9A83-C0560A8D29D1}.Release|Any CPU.Build.0 = Release|Any CPU
	EndGlobalSection
	GlobalSection(SolutionProperties) = preSolution
		HideSolutionNode = FALSE
	EndGlobalSection
	GlobalSection(ExtensibilityGlobals) = postSolution
		SolutionGuid = {09F521FC-96EA-48A5-8208-C0AC012BE179}
	EndGlobalSection
EndGlobal
