
Microsoft Visual Studio Solution File, Format Version 12.00
# Visual Studio Version 16
VisualStudioVersion = 25.0.1706.0
MinimumVisualStudioVersion = 10.0.40219.1
Project("{FAE04EC0-301F-11D3-BF4B-00C04F79EFBC}") = "firstTask", "firstTask\firstTask.csproj", "{1B7021DD-9B92-4DC6-88F9-1827805D7695}"
EndProject
Project("{FAE04EC0-301F-11D3-BF4B-00C04F79EFBC}") = "firstTaskArrays", "firstTaskArrays\firstTaskArrays.csproj", "{AA3AE7F6-D1C3-4F1F-93AA-17562D8D4785}"
EndProject
Global
	GlobalSection(SolutionConfigurationPlatforms) = preSolution
		Debug|Any CPU = Debug|Any CPU
		Release|Any CPU = Release|Any CPU
	EndGlobalSection
	GlobalSection(ProjectConfigurationPlatforms) = postSolution
		{1B7021DD-9B92-4DC6-88F9-1827805D7695}.Debug|Any CPU.ActiveCfg = Debug|Any CPU
		{1B7021DD-9B92-4DC6-88F9-1827805D7695}.Debug|Any CPU.Build.0 = Debug|Any CPU
		{1B7021DD-9B92-4DC6-88F9-1827805D7695}.Release|Any CPU.ActiveCfg = Release|Any CPU
		{1B7021DD-9B92-4DC6-88F9-1827805D7695}.Release|Any CPU.Build.0 = Release|Any CPU
		{AA3AE7F6-D1C3-4F1F-93AA-17562D8D4785}.Debug|Any CPU.ActiveCfg = Debug|Any CPU
		{AA3AE7F6-D1C3-4F1F-93AA-17562D8D4785}.Debug|Any CPU.Build.0 = Debug|Any CPU
		{AA3AE7F6-D1C3-4F1F-93AA-17562D8D4785}.Release|Any CPU.ActiveCfg = Release|Any CPU
		{AA3AE7F6-D1C3-4F1F-93AA-17562D8D4785}.Release|Any CPU.Build.0 = Release|Any CPU
	EndGlobalSection
	GlobalSection(SolutionProperties) = preSolution
		HideSolutionNode = FALSE
	EndGlobalSection
	GlobalSection(ExtensibilityGlobals) = postSolution
		SolutionGuid = {53F965D6-9981-46CE-93EB-B274E6B1351B}
	EndGlobalSection
EndGlobal
