
Microsoft Visual Studio Solution File, Format Version 12.00
# Visual Studio Version 17
VisualStudioVersion = 17.5.002.0
MinimumVisualStudioVersion = 10.0.40219.1
Project("{9A19103F-16F7-4668-BE54-9A1E7A4F7556}") = "prog_3", "prog_3.csproj", "{CF9406DE-1FB6-41F0-B91F-390EE96DBFC7}"
EndProject
Global
	GlobalSection(SolutionConfigurationPlatforms) = preSolution
		Debug|Any CPU = Debug|Any CPU
		Release|Any CPU = Release|Any CPU
	EndGlobalSection
	GlobalSection(ProjectConfigurationPlatforms) = postSolution
		{CF9406DE-1FB6-41F0-B91F-390EE96DBFC7}.Debug|Any CPU.ActiveCfg = Debug|Any CPU
		{CF9406DE-1FB6-41F0-B91F-390EE96DBFC7}.Debug|Any CPU.Build.0 = Debug|Any CPU
		{CF9406DE-1FB6-41F0-B91F-390EE96DBFC7}.Release|Any CPU.ActiveCfg = Release|Any CPU
		{CF9406DE-1FB6-41F0-B91F-390EE96DBFC7}.Release|Any CPU.Build.0 = Release|Any CPU
	EndGlobalSection
	GlobalSection(SolutionProperties) = preSolution
		HideSolutionNode = FALSE
	EndGlobalSection
	GlobalSection(ExtensibilityGlobals) = postSolution
		SolutionGuid = {F2DB731E-7EEC-4D1D-82B8-860C39D09332}
	EndGlobalSection
EndGlobal
